// !$*UTF8*$!
{
	archiveVersion = 1;
	classes = {
	};
	objectVersion = 46;
	objects = {

/* Begin PBXBuildFile section */
		601AA56C16D22CA7002A6AC4 /* Constants.m in Sources */ = {isa = PBXBuildFile; fileRef = 601AA56B16D22CA7002A6AC4 /* Constants.m */; };
		60464FBA16D8D56D00A6DB31 /* BackgroundCircle.m in Sources */ = {isa = PBXBuildFile; fileRef = 60464FB916D8D56D00A6DB31 /* BackgroundCircle.m */; };
		6050716116D15D09000AF387 /* Squares.m in Sources */ = {isa = PBXBuildFile; fileRef = 6050710916D15C31000AF387 /* Squares.m */; };
		6050716216D15D47000AF387 /* C4AssertionHandler.m in Sources */ = {isa = PBXBuildFile; fileRef = 6050710C16D15C49000AF387 /* C4AssertionHandler.m */; };
		6050716316D15D4E000AF387 /* C4Button.m in Sources */ = {isa = PBXBuildFile; fileRef = 6050710E16D15C49000AF387 /* C4Button.m */; };
		6050716416D15D55000AF387 /* C4Camera.m in Sources */ = {isa = PBXBuildFile; fileRef = 6050711016D15C49000AF387 /* C4Camera.m */; };
		6050716516D15D5E000AF387 /* C4CameraController.m in Sources */ = {isa = PBXBuildFile; fileRef = 6050711216D15C49000AF387 /* C4CameraController.m */; };
		6050716616D15D6E000AF387 /* C4CameraLayer.m in Sources */ = {isa = PBXBuildFile; fileRef = 6050711416D15C49000AF387 /* C4CameraLayer.m */; };
		6050716716D15D7F000AF387 /* C4CanvasController.m in Sources */ = {isa = PBXBuildFile; fileRef = 6050711616D15C49000AF387 /* C4CanvasController.m */; };
		6050716816D15D86000AF387 /* C4Control.m in Sources */ = {isa = PBXBuildFile; fileRef = 6050711916D15C49000AF387 /* C4Control.m */; };
		6050716916D15D8E000AF387 /* C4Defines.m in Sources */ = {isa = PBXBuildFile; fileRef = 6050711B16D15C49000AF387 /* C4Defines.m */; };
		6050716A16D15D93000AF387 /* C4EAGLES1Renderer.m in Sources */ = {isa = PBXBuildFile; fileRef = 6050711D16D15C49000AF387 /* C4EAGLES1Renderer.m */; };
		6050716B16D15D99000AF387 /* C4EAGLLayer.m in Sources */ = {isa = PBXBuildFile; fileRef = 6050712016D15C49000AF387 /* C4EAGLLayer.m */; };
		6050716C16D15D9F000AF387 /* C4Font.m in Sources */ = {isa = PBXBuildFile; fileRef = 6050712216D15C49000AF387 /* C4Font.m */; };
		6050716D16D15DA8000AF387 /* C4Foundation.m in Sources */ = {isa = PBXBuildFile; fileRef = 6050712416D15C49000AF387 /* C4Foundation.m */; };
		6050716E16D15DAF000AF387 /* C4GL.m in Sources */ = {isa = PBXBuildFile; fileRef = 6050712716D15C49000AF387 /* C4GL.m */; };
		6050716F16D15DB4000AF387 /* C4GL1Renderer.m in Sources */ = {isa = PBXBuildFile; fileRef = 6050712916D15C49000AF387 /* C4GL1Renderer.m */; };
		6050717016D15DB9000AF387 /* C4Image.m in Sources */ = {isa = PBXBuildFile; fileRef = 6050712B16D15C49000AF387 /* C4Image.m */; };
		6050717116D15DC1000AF387 /* C4Label.m in Sources */ = {isa = PBXBuildFile; fileRef = 6050712E16D15C49000AF387 /* C4Label.m */; };
		6050717216D15DC6000AF387 /* C4Layer.m in Sources */ = {isa = PBXBuildFile; fileRef = 6050713016D15C49000AF387 /* C4Layer.m */; };
		6050717316D15DCB000AF387 /* C4Math.m in Sources */ = {isa = PBXBuildFile; fileRef = 6050713316D15C49000AF387 /* C4Math.m */; };
		6050717416D15DD2000AF387 /* C4Movie.m in Sources */ = {isa = PBXBuildFile; fileRef = 6050713616D15C49000AF387 /* C4Movie.m */; };
		6050717516D15DD9000AF387 /* C4MovieLayer.m in Sources */ = {isa = PBXBuildFile; fileRef = 6050713816D15C49000AF387 /* C4MovieLayer.m */; };
		6050717616D15DDF000AF387 /* C4Object.m in Sources */ = {isa = PBXBuildFile; fileRef = 6050713B16D15C49000AF387 /* C4Object.m */; };
		6050717716D15DE4000AF387 /* C4Sample.m in Sources */ = {isa = PBXBuildFile; fileRef = 6050713E16D15C49000AF387 /* C4Sample.m */; };
		6050717816D15DF5000AF387 /* OuterShape.m in Sources */ = {isa = PBXBuildFile; fileRef = 6050715F16D15C49000AF387 /* OuterShape.m */; };
		6050717916D15DFE000AF387 /* C4Shape.m in Sources */ = {isa = PBXBuildFile; fileRef = 6050714016D15C49000AF387 /* C4Shape.m */; };
		6050717A16D15E03000AF387 /* C4ShapeLayer.m in Sources */ = {isa = PBXBuildFile; fileRef = 6050714216D15C49000AF387 /* C4ShapeLayer.m */; };
		6050717B16D15E08000AF387 /* C4Slider.m in Sources */ = {isa = PBXBuildFile; fileRef = 6050714416D15C49000AF387 /* C4Slider.m */; };
		6050717C16D15E0D000AF387 /* C4Timer.m in Sources */ = {isa = PBXBuildFile; fileRef = 6050714616D15C49000AF387 /* C4Timer.m */; };
		6050717D16D15E15000AF387 /* C4TransformableControl.m in Sources */ = {isa = PBXBuildFile; fileRef = 6050714816D15C49000AF387 /* C4TransformableControl.m */; };
		6050717E16D15E1B000AF387 /* C4TransformLayer.m in Sources */ = {isa = PBXBuildFile; fileRef = 6050714A16D15C49000AF387 /* C4TransformLayer.m */; };
		6050717F16D15E20000AF387 /* C4Vector.m in Sources */ = {isa = PBXBuildFile; fileRef = 6050714C16D15C49000AF387 /* C4Vector.m */; };
		6050718016D15E27000AF387 /* C4View.m in Sources */ = {isa = PBXBuildFile; fileRef = 6050714E16D15C49000AF387 /* C4View.m */; };
		6050718116D15E2D000AF387 /* C4ViewController.m in Sources */ = {isa = PBXBuildFile; fileRef = 6050715016D15C49000AF387 /* C4ViewController.m */; };
		6050718216D15E34000AF387 /* C4Window.m in Sources */ = {isa = PBXBuildFile; fileRef = 6050715316D15C49000AF387 /* C4Window.m */; };
		6050718416D15E44000AF387 /* C4YouTubeURLParser.m in Sources */ = {isa = PBXBuildFile; fileRef = 6050715716D15C49000AF387 /* C4YouTubeURLParser.m */; };
		6050718516D15E49000AF387 /* HiddenNav.m in Sources */ = {isa = PBXBuildFile; fileRef = 6050715A16D15C49000AF387 /* HiddenNav.m */; };
		6050718616D15E50000AF387 /* HiddenNavView.m in Sources */ = {isa = PBXBuildFile; fileRef = 6050715D16D15C49000AF387 /* HiddenNavView.m */; };
		605F643616D7A5E900033239 /* Circle8.m in Sources */ = {isa = PBXBuildFile; fileRef = 605F643516D7A5E800033239 /* Circle8.m */; };
		605F643916D7A5F900033239 /* Circle13.m in Sources */ = {isa = PBXBuildFile; fileRef = 605F643816D7A5F900033239 /* Circle13.m */; };
		6076B3A716CCF2A400D13431 /* Intro.m in Sources */ = {isa = PBXBuildFile; fileRef = 6076B3A616CCF2A400D13431 /* Intro.m */; };
		60A0AEAA16DD024500DA17EF /* grid.png in Resources */ = {isa = PBXBuildFile; fileRef = 60A0AEA916DD024500DA17EF /* grid.png */; };
		60F0C6C116AEA1D40096B6DE /* Seed.m in Sources */ = {isa = PBXBuildFile; fileRef = 60F0C6C016AEA1D40096B6DE /* Seed.m */; };
		60F4531A169769E800686965 /* Accelerate.framework in Frameworks */ = {isa = PBXBuildFile; fileRef = 60F45319169769E800686965 /* Accelerate.framework */; };
		60F4531C169769E800686965 /* AVFoundation.framework in Frameworks */ = {isa = PBXBuildFile; fileRef = 60F4531B169769E800686965 /* AVFoundation.framework */; };
		60F4531E169769E800686965 /* CoreFoundation.framework in Frameworks */ = {isa = PBXBuildFile; fileRef = 60F4531D169769E800686965 /* CoreFoundation.framework */; };
		60F45320169769E800686965 /* CoreGraphics.framework in Frameworks */ = {isa = PBXBuildFile; fileRef = 60F4531F169769E800686965 /* CoreGraphics.framework */; };
		60F45322169769E800686965 /* CoreImage.framework in Frameworks */ = {isa = PBXBuildFile; fileRef = 60F45321169769E800686965 /* CoreImage.framework */; };
		60F45324169769E800686965 /* CoreMedia.framework in Frameworks */ = {isa = PBXBuildFile; fileRef = 60F45323169769E800686965 /* CoreMedia.framework */; };
		60F45326169769E800686965 /* CoreText.framework in Frameworks */ = {isa = PBXBuildFile; fileRef = 60F45325169769E800686965 /* CoreText.framework */; };
		60F45328169769E800686965 /* Foundation.framework in Frameworks */ = {isa = PBXBuildFile; fileRef = 60F45327169769E800686965 /* Foundation.framework */; };
		60F4532A169769E800686965 /* OpenGLES.framework in Frameworks */ = {isa = PBXBuildFile; fileRef = 60F45329169769E800686965 /* OpenGLES.framework */; };
		60F4532C169769E800686965 /* QuartzCore.framework in Frameworks */ = {isa = PBXBuildFile; fileRef = 60F4532B169769E800686965 /* QuartzCore.framework */; };
		60F4532E169769E800686965 /* UIKit.framework in Frameworks */ = {isa = PBXBuildFile; fileRef = 60F4532D169769E800686965 /* UIKit.framework */; };
		60F45334169769E800686965 /* InfoPlist.strings in Resources */ = {isa = PBXBuildFile; fileRef = 60F45332169769E800686965 /* InfoPlist.strings */; };
		60F45336169769E800686965 /* main.m in Sources */ = {isa = PBXBuildFile; fileRef = 60F45335169769E800686965 /* main.m */; };
		60F4533B169769E800686965 /* C4AppDelegate.m in Sources */ = {isa = PBXBuildFile; fileRef = 60F4533A169769E800686965 /* C4AppDelegate.m */; };
		60F4533D169769E800686965 /* C4WorkSpace.m in Sources */ = {isa = PBXBuildFile; fileRef = 60F4533C169769E800686965 /* C4WorkSpace.m */; };
		60F45363169769E800686965 /* libC4.a in Frameworks */ = {isa = PBXBuildFile; fileRef = 60F45362169769E800686965 /* libC4.a */; };
		60F45372169769E900686965 /* C4Canvas.xib in Resources */ = {isa = PBXBuildFile; fileRef = 60F45370169769E900686965 /* C4Canvas.xib */; };
/* End PBXBuildFile section */

/* Begin PBXFileReference section */
		601AA56A16D22CA7002A6AC4 /* Constants.h */ = {isa = PBXFileReference; fileEncoding = 4; lastKnownFileType = sourcecode.c.h; path = Constants.h; sourceTree = "<group>"; };
		601AA56B16D22CA7002A6AC4 /* Constants.m */ = {isa = PBXFileReference; fileEncoding = 4; lastKnownFileType = sourcecode.c.objc; path = Constants.m; sourceTree = "<group>"; };
		60464FB816D8D56C00A6DB31 /* BackgroundCircle.h */ = {isa = PBXFileReference; fileEncoding = 4; lastKnownFileType = sourcecode.c.h; path = BackgroundCircle.h; sourceTree = "<group>"; };
		60464FB916D8D56D00A6DB31 /* BackgroundCircle.m */ = {isa = PBXFileReference; fileEncoding = 4; lastKnownFileType = sourcecode.c.objc; path = BackgroundCircle.m; sourceTree = "<group>"; };
		6050710816D15C31000AF387 /* Squares.h */ = {isa = PBXFileReference; lastKnownFileType = sourcecode.c.h; path = Squares.h; sourceTree = "<group>"; };
		6050710916D15C31000AF387 /* Squares.m */ = {isa = PBXFileReference; lastKnownFileType = sourcecode.c.objc; path = Squares.m; sourceTree = "<group>"; };
		6050710A16D15C49000AF387 /* C4AddSubview.h */ = {isa = PBXFileReference; lastKnownFileType = sourcecode.c.h; name = C4AddSubview.h; path = Headers/C4AddSubview.h; sourceTree = "<group>"; };
		6050710B16D15C49000AF387 /* C4AssertionHandler.h */ = {isa = PBXFileReference; lastKnownFileType = sourcecode.c.h; name = C4AssertionHandler.h; path = Headers/C4AssertionHandler.h; sourceTree = "<group>"; };
		6050710C16D15C49000AF387 /* C4AssertionHandler.m */ = {isa = PBXFileReference; lastKnownFileType = sourcecode.c.objc; name = C4AssertionHandler.m; path = Headers/C4AssertionHandler.m; sourceTree = "<group>"; };
		6050710D16D15C49000AF387 /* C4Button.h */ = {isa = PBXFileReference; lastKnownFileType = sourcecode.c.h; name = C4Button.h; path = Headers/C4Button.h; sourceTree = "<group>"; };
		6050710E16D15C49000AF387 /* C4Button.m */ = {isa = PBXFileReference; lastKnownFileType = sourcecode.c.objc; name = C4Button.m; path = Headers/C4Button.m; sourceTree = "<group>"; };
		6050710F16D15C49000AF387 /* C4Camera.h */ = {isa = PBXFileReference; lastKnownFileType = sourcecode.c.h; name = C4Camera.h; path = Headers/C4Camera.h; sourceTree = "<group>"; };
		6050711016D15C49000AF387 /* C4Camera.m */ = {isa = PBXFileReference; lastKnownFileType = sourcecode.c.objc; name = C4Camera.m; path = Headers/C4Camera.m; sourceTree = "<group>"; };
		6050711116D15C49000AF387 /* C4CameraController.h */ = {isa = PBXFileReference; lastKnownFileType = sourcecode.c.h; name = C4CameraController.h; path = Headers/C4CameraController.h; sourceTree = "<group>"; };
		6050711216D15C49000AF387 /* C4CameraController.m */ = {isa = PBXFileReference; lastKnownFileType = sourcecode.c.objc; name = C4CameraController.m; path = Headers/C4CameraController.m; sourceTree = "<group>"; };
		6050711316D15C49000AF387 /* C4CameraLayer.h */ = {isa = PBXFileReference; lastKnownFileType = sourcecode.c.h; name = C4CameraLayer.h; path = Headers/C4CameraLayer.h; sourceTree = "<group>"; };
		6050711416D15C49000AF387 /* C4CameraLayer.m */ = {isa = PBXFileReference; lastKnownFileType = sourcecode.c.objc; name = C4CameraLayer.m; path = Headers/C4CameraLayer.m; sourceTree = "<group>"; };
		6050711516D15C49000AF387 /* C4CanvasController.h */ = {isa = PBXFileReference; lastKnownFileType = sourcecode.c.h; name = C4CanvasController.h; path = Headers/C4CanvasController.h; sourceTree = "<group>"; };
		6050711616D15C49000AF387 /* C4CanvasController.m */ = {isa = PBXFileReference; lastKnownFileType = sourcecode.c.objc; name = C4CanvasController.m; path = Headers/C4CanvasController.m; sourceTree = "<group>"; };
		6050711716D15C49000AF387 /* C4CaptureVideoPreviewLayer.h */ = {isa = PBXFileReference; lastKnownFileType = sourcecode.c.h; name = C4CaptureVideoPreviewLayer.h; path = Headers/C4CaptureVideoPreviewLayer.h; sourceTree = "<group>"; };
		6050711816D15C49000AF387 /* C4Control.h */ = {isa = PBXFileReference; lastKnownFileType = sourcecode.c.h; name = C4Control.h; path = Headers/C4Control.h; sourceTree = "<group>"; };
		6050711916D15C49000AF387 /* C4Control.m */ = {isa = PBXFileReference; lastKnownFileType = sourcecode.c.objc; name = C4Control.m; path = Headers/C4Control.m; sourceTree = "<group>"; };
		6050711A16D15C49000AF387 /* C4Defines.h */ = {isa = PBXFileReference; lastKnownFileType = sourcecode.c.h; name = C4Defines.h; path = Headers/C4Defines.h; sourceTree = "<group>"; };
		6050711B16D15C49000AF387 /* C4Defines.m */ = {isa = PBXFileReference; lastKnownFileType = sourcecode.c.objc; name = C4Defines.m; path = Headers/C4Defines.m; sourceTree = "<group>"; };
		6050711C16D15C49000AF387 /* C4EAGLES1Renderer.h */ = {isa = PBXFileReference; lastKnownFileType = sourcecode.c.h; name = C4EAGLES1Renderer.h; path = Headers/C4EAGLES1Renderer.h; sourceTree = "<group>"; };
		6050711D16D15C49000AF387 /* C4EAGLES1Renderer.m */ = {isa = PBXFileReference; lastKnownFileType = sourcecode.c.objc; name = C4EAGLES1Renderer.m; path = Headers/C4EAGLES1Renderer.m; sourceTree = "<group>"; };
		6050711E16D15C49000AF387 /* C4EAGLESRenderer.h */ = {isa = PBXFileReference; lastKnownFileType = sourcecode.c.h; name = C4EAGLESRenderer.h; path = Headers/C4EAGLESRenderer.h; sourceTree = "<group>"; };
		6050711F16D15C49000AF387 /* C4EAGLLayer.h */ = {isa = PBXFileReference; lastKnownFileType = sourcecode.c.h; name = C4EAGLLayer.h; path = Headers/C4EAGLLayer.h; sourceTree = "<group>"; };
		6050712016D15C49000AF387 /* C4EAGLLayer.m */ = {isa = PBXFileReference; lastKnownFileType = sourcecode.c.objc; name = C4EAGLLayer.m; path = Headers/C4EAGLLayer.m; sourceTree = "<group>"; };
		6050712116D15C49000AF387 /* C4Font.h */ = {isa = PBXFileReference; lastKnownFileType = sourcecode.c.h; name = C4Font.h; path = Headers/C4Font.h; sourceTree = "<group>"; };
		6050712216D15C49000AF387 /* C4Font.m */ = {isa = PBXFileReference; lastKnownFileType = sourcecode.c.objc; name = C4Font.m; path = Headers/C4Font.m; sourceTree = "<group>"; };
		6050712316D15C49000AF387 /* C4Foundation.h */ = {isa = PBXFileReference; lastKnownFileType = sourcecode.c.h; name = C4Foundation.h; path = Headers/C4Foundation.h; sourceTree = "<group>"; };
		6050712416D15C49000AF387 /* C4Foundation.m */ = {isa = PBXFileReference; lastKnownFileType = sourcecode.c.objc; name = C4Foundation.m; path = Headers/C4Foundation.m; sourceTree = "<group>"; };
		6050712516D15C49000AF387 /* C4Gesture.h */ = {isa = PBXFileReference; lastKnownFileType = sourcecode.c.h; name = C4Gesture.h; path = Headers/C4Gesture.h; sourceTree = "<group>"; };
		6050712616D15C49000AF387 /* C4GL.h */ = {isa = PBXFileReference; lastKnownFileType = sourcecode.c.h; name = C4GL.h; path = Headers/C4GL.h; sourceTree = "<group>"; };
		6050712716D15C49000AF387 /* C4GL.m */ = {isa = PBXFileReference; lastKnownFileType = sourcecode.c.objc; name = C4GL.m; path = Headers/C4GL.m; sourceTree = "<group>"; };
		6050712816D15C49000AF387 /* C4GL1Renderer.h */ = {isa = PBXFileReference; lastKnownFileType = sourcecode.c.h; name = C4GL1Renderer.h; path = Headers/C4GL1Renderer.h; sourceTree = "<group>"; };
		6050712916D15C49000AF387 /* C4GL1Renderer.m */ = {isa = PBXFileReference; lastKnownFileType = sourcecode.c.objc; name = C4GL1Renderer.m; path = Headers/C4GL1Renderer.m; sourceTree = "<group>"; };
		6050712A16D15C49000AF387 /* C4Image.h */ = {isa = PBXFileReference; lastKnownFileType = sourcecode.c.h; name = C4Image.h; path = Headers/C4Image.h; sourceTree = "<group>"; };
		6050712B16D15C49000AF387 /* C4Image.m */ = {isa = PBXFileReference; lastKnownFileType = sourcecode.c.objc; name = C4Image.m; path = Headers/C4Image.m; sourceTree = "<group>"; };
		6050712C16D15C49000AF387 /* C4Imports.h */ = {isa = PBXFileReference; lastKnownFileType = sourcecode.c.h; name = C4Imports.h; path = Headers/C4Imports.h; sourceTree = "<group>"; };
		6050712D16D15C49000AF387 /* C4Label.h */ = {isa = PBXFileReference; lastKnownFileType = sourcecode.c.h; name = C4Label.h; path = Headers/C4Label.h; sourceTree = "<group>"; };
		6050712E16D15C49000AF387 /* C4Label.m */ = {isa = PBXFileReference; lastKnownFileType = sourcecode.c.objc; name = C4Label.m; path = Headers/C4Label.m; sourceTree = "<group>"; };
		6050712F16D15C49000AF387 /* C4Layer.h */ = {isa = PBXFileReference; lastKnownFileType = sourcecode.c.h; name = C4Layer.h; path = Headers/C4Layer.h; sourceTree = "<group>"; };
		6050713016D15C49000AF387 /* C4Layer.m */ = {isa = PBXFileReference; lastKnownFileType = sourcecode.c.objc; name = C4Layer.m; path = Headers/C4Layer.m; sourceTree = "<group>"; };
		6050713116D15C49000AF387 /* C4LayerAnimation.h */ = {isa = PBXFileReference; lastKnownFileType = sourcecode.c.h; name = C4LayerAnimation.h; path = Headers/C4LayerAnimation.h; sourceTree = "<group>"; };
		6050713216D15C49000AF387 /* C4Math.h */ = {isa = PBXFileReference; lastKnownFileType = sourcecode.c.h; name = C4Math.h; path = Headers/C4Math.h; sourceTree = "<group>"; };
		6050713316D15C49000AF387 /* C4Math.m */ = {isa = PBXFileReference; lastKnownFileType = sourcecode.c.objc; name = C4Math.m; path = Headers/C4Math.m; sourceTree = "<group>"; };
		6050713416D15C49000AF387 /* C4MethodDelay.h */ = {isa = PBXFileReference; lastKnownFileType = sourcecode.c.h; name = C4MethodDelay.h; path = Headers/C4MethodDelay.h; sourceTree = "<group>"; };
		6050713516D15C49000AF387 /* C4Movie.h */ = {isa = PBXFileReference; lastKnownFileType = sourcecode.c.h; name = C4Movie.h; path = Headers/C4Movie.h; sourceTree = "<group>"; };
		6050713616D15C49000AF387 /* C4Movie.m */ = {isa = PBXFileReference; lastKnownFileType = sourcecode.c.objc; name = C4Movie.m; path = Headers/C4Movie.m; sourceTree = "<group>"; };
		6050713716D15C49000AF387 /* C4MovieLayer.h */ = {isa = PBXFileReference; lastKnownFileType = sourcecode.c.h; name = C4MovieLayer.h; path = Headers/C4MovieLayer.h; sourceTree = "<group>"; };
		6050713816D15C49000AF387 /* C4MovieLayer.m */ = {isa = PBXFileReference; lastKnownFileType = sourcecode.c.objc; name = C4MovieLayer.m; path = Headers/C4MovieLayer.m; sourceTree = "<group>"; };
		6050713916D15C49000AF387 /* C4Notification.h */ = {isa = PBXFileReference; lastKnownFileType = sourcecode.c.h; name = C4Notification.h; path = Headers/C4Notification.h; sourceTree = "<group>"; };
		6050713A16D15C49000AF387 /* C4Object.h */ = {isa = PBXFileReference; lastKnownFileType = sourcecode.c.h; name = C4Object.h; path = Headers/C4Object.h; sourceTree = "<group>"; };
		6050713B16D15C49000AF387 /* C4Object.m */ = {isa = PBXFileReference; lastKnownFileType = sourcecode.c.objc; name = C4Object.m; path = Headers/C4Object.m; sourceTree = "<group>"; };
		6050713C16D15C49000AF387 /* C4PlayerLayer.h */ = {isa = PBXFileReference; lastKnownFileType = sourcecode.c.h; name = C4PlayerLayer.h; path = Headers/C4PlayerLayer.h; sourceTree = "<group>"; };
		6050713D16D15C49000AF387 /* C4Sample.h */ = {isa = PBXFileReference; lastKnownFileType = sourcecode.c.h; name = C4Sample.h; path = Headers/C4Sample.h; sourceTree = "<group>"; };
		6050713E16D15C49000AF387 /* C4Sample.m */ = {isa = PBXFileReference; lastKnownFileType = sourcecode.c.objc; name = C4Sample.m; path = Headers/C4Sample.m; sourceTree = "<group>"; };
		6050713F16D15C49000AF387 /* C4Shape.h */ = {isa = PBXFileReference; lastKnownFileType = sourcecode.c.h; name = C4Shape.h; path = Headers/C4Shape.h; sourceTree = "<group>"; };
		6050714016D15C49000AF387 /* C4Shape.m */ = {isa = PBXFileReference; lastKnownFileType = sourcecode.c.objc; name = C4Shape.m; path = Headers/C4Shape.m; sourceTree = "<group>"; };
		6050714116D15C49000AF387 /* C4ShapeLayer.h */ = {isa = PBXFileReference; lastKnownFileType = sourcecode.c.h; name = C4ShapeLayer.h; path = Headers/C4ShapeLayer.h; sourceTree = "<group>"; };
		6050714216D15C49000AF387 /* C4ShapeLayer.m */ = {isa = PBXFileReference; lastKnownFileType = sourcecode.c.objc; name = C4ShapeLayer.m; path = Headers/C4ShapeLayer.m; sourceTree = "<group>"; };
		6050714316D15C49000AF387 /* C4Slider.h */ = {isa = PBXFileReference; lastKnownFileType = sourcecode.c.h; name = C4Slider.h; path = Headers/C4Slider.h; sourceTree = "<group>"; };
		6050714416D15C49000AF387 /* C4Slider.m */ = {isa = PBXFileReference; lastKnownFileType = sourcecode.c.objc; name = C4Slider.m; path = Headers/C4Slider.m; sourceTree = "<group>"; };
		6050714516D15C49000AF387 /* C4Timer.h */ = {isa = PBXFileReference; lastKnownFileType = sourcecode.c.h; name = C4Timer.h; path = Headers/C4Timer.h; sourceTree = "<group>"; };
		6050714616D15C49000AF387 /* C4Timer.m */ = {isa = PBXFileReference; lastKnownFileType = sourcecode.c.objc; name = C4Timer.m; path = Headers/C4Timer.m; sourceTree = "<group>"; };
		6050714716D15C49000AF387 /* C4TransformableControl.h */ = {isa = PBXFileReference; lastKnownFileType = sourcecode.c.h; name = C4TransformableControl.h; path = Headers/C4TransformableControl.h; sourceTree = "<group>"; };
		6050714816D15C49000AF387 /* C4TransformableControl.m */ = {isa = PBXFileReference; lastKnownFileType = sourcecode.c.objc; name = C4TransformableControl.m; path = Headers/C4TransformableControl.m; sourceTree = "<group>"; };
		6050714916D15C49000AF387 /* C4TransformLayer.h */ = {isa = PBXFileReference; lastKnownFileType = sourcecode.c.h; name = C4TransformLayer.h; path = Headers/C4TransformLayer.h; sourceTree = "<group>"; };
		6050714A16D15C49000AF387 /* C4TransformLayer.m */ = {isa = PBXFileReference; lastKnownFileType = sourcecode.c.objc; name = C4TransformLayer.m; path = Headers/C4TransformLayer.m; sourceTree = "<group>"; };
		6050714B16D15C49000AF387 /* C4Vector.h */ = {isa = PBXFileReference; lastKnownFileType = sourcecode.c.h; name = C4Vector.h; path = Headers/C4Vector.h; sourceTree = "<group>"; };
		6050714C16D15C49000AF387 /* C4Vector.m */ = {isa = PBXFileReference; lastKnownFileType = sourcecode.c.objc; name = C4Vector.m; path = Headers/C4Vector.m; sourceTree = "<group>"; };
		6050714D16D15C49000AF387 /* C4View.h */ = {isa = PBXFileReference; lastKnownFileType = sourcecode.c.h; name = C4View.h; path = Headers/C4View.h; sourceTree = "<group>"; };
		6050714E16D15C49000AF387 /* C4View.m */ = {isa = PBXFileReference; lastKnownFileType = sourcecode.c.objc; name = C4View.m; path = Headers/C4View.m; sourceTree = "<group>"; };
		6050714F16D15C49000AF387 /* C4ViewController.h */ = {isa = PBXFileReference; lastKnownFileType = sourcecode.c.h; name = C4ViewController.h; path = Headers/C4ViewController.h; sourceTree = "<group>"; };
		6050715016D15C49000AF387 /* C4ViewController.m */ = {isa = PBXFileReference; lastKnownFileType = sourcecode.c.objc; name = C4ViewController.m; path = Headers/C4ViewController.m; sourceTree = "<group>"; };
		6050715116D15C49000AF387 /* C4VisualObject.h */ = {isa = PBXFileReference; lastKnownFileType = sourcecode.c.h; name = C4VisualObject.h; path = Headers/C4VisualObject.h; sourceTree = "<group>"; };
		6050715216D15C49000AF387 /* C4Window.h */ = {isa = PBXFileReference; lastKnownFileType = sourcecode.c.h; name = C4Window.h; path = Headers/C4Window.h; sourceTree = "<group>"; };
		6050715316D15C49000AF387 /* C4Window.m */ = {isa = PBXFileReference; lastKnownFileType = sourcecode.c.objc; name = C4Window.m; path = Headers/C4Window.m; sourceTree = "<group>"; };
		6050715616D15C49000AF387 /* C4YouTubeURLParser.h */ = {isa = PBXFileReference; lastKnownFileType = sourcecode.c.h; name = C4YouTubeURLParser.h; path = Headers/C4YouTubeURLParser.h; sourceTree = "<group>"; };
		6050715716D15C49000AF387 /* C4YouTubeURLParser.m */ = {isa = PBXFileReference; lastKnownFileType = sourcecode.c.objc; name = C4YouTubeURLParser.m; path = Headers/C4YouTubeURLParser.m; sourceTree = "<group>"; };
		6050715916D15C49000AF387 /* HiddenNav.h */ = {isa = PBXFileReference; lastKnownFileType = sourcecode.c.h; name = HiddenNav.h; path = Headers/HiddenNav.h; sourceTree = "<group>"; };
		6050715A16D15C49000AF387 /* HiddenNav.m */ = {isa = PBXFileReference; lastKnownFileType = sourcecode.c.objc; name = HiddenNav.m; path = Headers/HiddenNav.m; sourceTree = "<group>"; };
		6050715B16D15C49000AF387 /* HiddenNav.xib */ = {isa = PBXFileReference; lastKnownFileType = file.xib; name = HiddenNav.xib; path = Headers/HiddenNav.xib; sourceTree = "<group>"; };
		6050715C16D15C49000AF387 /* HiddenNavView.h */ = {isa = PBXFileReference; lastKnownFileType = sourcecode.c.h; name = HiddenNavView.h; path = Headers/HiddenNavView.h; sourceTree = "<group>"; };
		6050715D16D15C49000AF387 /* HiddenNavView.m */ = {isa = PBXFileReference; lastKnownFileType = sourcecode.c.objc; name = HiddenNavView.m; path = Headers/HiddenNavView.m; sourceTree = "<group>"; };
		6050715E16D15C49000AF387 /* OuterShape.h */ = {isa = PBXFileReference; lastKnownFileType = sourcecode.c.h; name = OuterShape.h; path = Headers/OuterShape.h; sourceTree = "<group>"; };
		6050715F16D15C49000AF387 /* OuterShape.m */ = {isa = PBXFileReference; lastKnownFileType = sourcecode.c.objc; name = OuterShape.m; path = Headers/OuterShape.m; sourceTree = "<group>"; };
		6050716016D15C49000AF387 /* UITouch+C4Touch.h */ = {isa = PBXFileReference; lastKnownFileType = sourcecode.c.h; name = "UITouch+C4Touch.h"; path = "Headers/UITouch+C4Touch.h"; sourceTree = "<group>"; };
		605F643416D7A5E800033239 /* Circle8.h */ = {isa = PBXFileReference; fileEncoding = 4; lastKnownFileType = sourcecode.c.h; path = Circle8.h; sourceTree = "<group>"; };
		605F643516D7A5E800033239 /* Circle8.m */ = {isa = PBXFileReference; fileEncoding = 4; lastKnownFileType = sourcecode.c.objc; path = Circle8.m; sourceTree = "<group>"; };
		605F643716D7A5F900033239 /* Circle13.h */ = {isa = PBXFileReference; fileEncoding = 4; lastKnownFileType = sourcecode.c.h; path = Circle13.h; sourceTree = "<group>"; };
		605F643816D7A5F900033239 /* Circle13.m */ = {isa = PBXFileReference; fileEncoding = 4; lastKnownFileType = sourcecode.c.objc; path = Circle13.m; sourceTree = "<group>"; };
		6076B3A516CCF2A400D13431 /* Intro.h */ = {isa = PBXFileReference; fileEncoding = 4; lastKnownFileType = sourcecode.c.h; path = Intro.h; sourceTree = "<group>"; };
		6076B3A616CCF2A400D13431 /* Intro.m */ = {isa = PBXFileReference; fileEncoding = 4; lastKnownFileType = sourcecode.c.objc; path = Intro.m; sourceTree = "<group>"; };
		60A0AEA916DD024500DA17EF /* grid.png */ = {isa = PBXFileReference; lastKnownFileType = image.png; path = grid.png; sourceTree = "<group>"; };
		60F0C6BF16AEA1D40096B6DE /* Seed.h */ = {isa = PBXFileReference; fileEncoding = 4; lastKnownFileType = sourcecode.c.h; path = Seed.h; sourceTree = "<group>"; };
		60F0C6C016AEA1D40096B6DE /* Seed.m */ = {isa = PBXFileReference; fileEncoding = 4; lastKnownFileType = sourcecode.c.objc; path = Seed.m; sourceTree = "<group>"; };
		60F45315169769E800686965 /* fibonacci_ipad.app */ = {isa = PBXFileReference; explicitFileType = wrapper.application; includeInIndex = 0; path = fibonacci_ipad.app; sourceTree = BUILT_PRODUCTS_DIR; };
		60F45319169769E800686965 /* Accelerate.framework */ = {isa = PBXFileReference; lastKnownFileType = wrapper.framework; name = Accelerate.framework; path = System/Library/Frameworks/Accelerate.framework; sourceTree = SDKROOT; };
		60F4531B169769E800686965 /* AVFoundation.framework */ = {isa = PBXFileReference; lastKnownFileType = wrapper.framework; name = AVFoundation.framework; path = System/Library/Frameworks/AVFoundation.framework; sourceTree = SDKROOT; };
		60F4531D169769E800686965 /* CoreFoundation.framework */ = {isa = PBXFileReference; lastKnownFileType = wrapper.framework; name = CoreFoundation.framework; path = System/Library/Frameworks/CoreFoundation.framework; sourceTree = SDKROOT; };
		60F4531F169769E800686965 /* CoreGraphics.framework */ = {isa = PBXFileReference; lastKnownFileType = wrapper.framework; name = CoreGraphics.framework; path = System/Library/Frameworks/CoreGraphics.framework; sourceTree = SDKROOT; };
		60F45321169769E800686965 /* CoreImage.framework */ = {isa = PBXFileReference; lastKnownFileType = wrapper.framework; name = CoreImage.framework; path = System/Library/Frameworks/CoreImage.framework; sourceTree = SDKROOT; };
		60F45323169769E800686965 /* CoreMedia.framework */ = {isa = PBXFileReference; lastKnownFileType = wrapper.framework; name = CoreMedia.framework; path = System/Library/Frameworks/CoreMedia.framework; sourceTree = SDKROOT; };
		60F45325169769E800686965 /* CoreText.framework */ = {isa = PBXFileReference; lastKnownFileType = wrapper.framework; name = CoreText.framework; path = System/Library/Frameworks/CoreText.framework; sourceTree = SDKROOT; };
		60F45327169769E800686965 /* Foundation.framework */ = {isa = PBXFileReference; lastKnownFileType = wrapper.framework; name = Foundation.framework; path = System/Library/Frameworks/Foundation.framework; sourceTree = SDKROOT; };
		60F45329169769E800686965 /* OpenGLES.framework */ = {isa = PBXFileReference; lastKnownFileType = wrapper.framework; name = OpenGLES.framework; path = System/Library/Frameworks/OpenGLES.framework; sourceTree = SDKROOT; };
		60F4532B169769E800686965 /* QuartzCore.framework */ = {isa = PBXFileReference; lastKnownFileType = wrapper.framework; name = QuartzCore.framework; path = System/Library/Frameworks/QuartzCore.framework; sourceTree = SDKROOT; };
		60F4532D169769E800686965 /* UIKit.framework */ = {isa = PBXFileReference; lastKnownFileType = wrapper.framework; name = UIKit.framework; path = System/Library/Frameworks/UIKit.framework; sourceTree = SDKROOT; };
		60F45331169769E800686965 /* fibonacci_ipad-Info.plist */ = {isa = PBXFileReference; lastKnownFileType = text.plist.xml; path = "fibonacci_ipad-Info.plist"; sourceTree = "<group>"; };
		60F45333169769E800686965 /* en */ = {isa = PBXFileReference; lastKnownFileType = text.plist.strings; name = en; path = en.lproj/InfoPlist.strings; sourceTree = "<group>"; };
		60F45335169769E800686965 /* main.m */ = {isa = PBXFileReference; lastKnownFileType = sourcecode.c.objc; path = main.m; sourceTree = "<group>"; };
		60F45337169769E800686965 /* fibonacci_ipad-Prefix.pch */ = {isa = PBXFileReference; lastKnownFileType = sourcecode.c.h; path = "fibonacci_ipad-Prefix.pch"; sourceTree = "<group>"; };
		60F45338169769E800686965 /* C4WorkSpace.h */ = {isa = PBXFileReference; lastKnownFileType = sourcecode.c.h; path = C4WorkSpace.h; sourceTree = "<group>"; };
		60F45339169769E800686965 /* C4AppDelegate.h */ = {isa = PBXFileReference; lastKnownFileType = sourcecode.c.h; path = C4AppDelegate.h; sourceTree = "<group>"; };
		60F4533A169769E800686965 /* C4AppDelegate.m */ = {isa = PBXFileReference; lastKnownFileType = sourcecode.c.objc; path = C4AppDelegate.m; sourceTree = "<group>"; };
		60F4533C169769E800686965 /* C4WorkSpace.m */ = {isa = PBXFileReference; lastKnownFileType = sourcecode.c.objc; path = C4WorkSpace.m; sourceTree = "<group>"; };
		60F4533F169769E800686965 /* C4AddSubview.h */ = {isa = PBXFileReference; lastKnownFileType = sourcecode.c.h; name = C4AddSubview.h; path = Headers/C4AddSubview.h; sourceTree = "<group>"; };
		60F45340169769E800686965 /* C4AssertionHandler.h */ = {isa = PBXFileReference; lastKnownFileType = sourcecode.c.h; name = C4AssertionHandler.h; path = Headers/C4AssertionHandler.h; sourceTree = "<group>"; };
		60F45341169769E800686965 /* C4Camera.h */ = {isa = PBXFileReference; lastKnownFileType = sourcecode.c.h; name = C4Camera.h; path = Headers/C4Camera.h; sourceTree = "<group>"; };
		60F45342169769E800686965 /* C4CameraController.h */ = {isa = PBXFileReference; lastKnownFileType = sourcecode.c.h; name = C4CameraController.h; path = Headers/C4CameraController.h; sourceTree = "<group>"; };
		60F45343169769E800686965 /* C4CanvasController.h */ = {isa = PBXFileReference; lastKnownFileType = sourcecode.c.h; name = C4CanvasController.h; path = Headers/C4CanvasController.h; sourceTree = "<group>"; };
		60F45344169769E800686965 /* C4CaptureVideoPreviewLayer.h */ = {isa = PBXFileReference; lastKnownFileType = sourcecode.c.h; name = C4CaptureVideoPreviewLayer.h; path = Headers/C4CaptureVideoPreviewLayer.h; sourceTree = "<group>"; };
		60F45345169769E800686965 /* C4Control.h */ = {isa = PBXFileReference; lastKnownFileType = sourcecode.c.h; name = C4Control.h; path = Headers/C4Control.h; sourceTree = "<group>"; };
		60F45346169769E800686965 /* C4Defines.h */ = {isa = PBXFileReference; lastKnownFileType = sourcecode.c.h; name = C4Defines.h; path = Headers/C4Defines.h; sourceTree = "<group>"; };
		60F45347169769E800686965 /* C4EAGLES1Renderer.h */ = {isa = PBXFileReference; lastKnownFileType = sourcecode.c.h; name = C4EAGLES1Renderer.h; path = Headers/C4EAGLES1Renderer.h; sourceTree = "<group>"; };
		60F45348169769E800686965 /* C4EAGLESRenderer.h */ = {isa = PBXFileReference; lastKnownFileType = sourcecode.c.h; name = C4EAGLESRenderer.h; path = Headers/C4EAGLESRenderer.h; sourceTree = "<group>"; };
		60F45349169769E800686965 /* C4EAGLLayer.h */ = {isa = PBXFileReference; lastKnownFileType = sourcecode.c.h; name = C4EAGLLayer.h; path = Headers/C4EAGLLayer.h; sourceTree = "<group>"; };
		60F4534A169769E800686965 /* C4Font.h */ = {isa = PBXFileReference; lastKnownFileType = sourcecode.c.h; name = C4Font.h; path = Headers/C4Font.h; sourceTree = "<group>"; };
		60F4534B169769E800686965 /* C4Foundation.h */ = {isa = PBXFileReference; lastKnownFileType = sourcecode.c.h; name = C4Foundation.h; path = Headers/C4Foundation.h; sourceTree = "<group>"; };
		60F4534C169769E800686965 /* C4Gesture.h */ = {isa = PBXFileReference; lastKnownFileType = sourcecode.c.h; name = C4Gesture.h; path = Headers/C4Gesture.h; sourceTree = "<group>"; };
		60F4534D169769E800686965 /* C4GL.h */ = {isa = PBXFileReference; lastKnownFileType = sourcecode.c.h; name = C4GL.h; path = Headers/C4GL.h; sourceTree = "<group>"; };
		60F4534E169769E800686965 /* C4GL1Renderer.h */ = {isa = PBXFileReference; lastKnownFileType = sourcecode.c.h; name = C4GL1Renderer.h; path = Headers/C4GL1Renderer.h; sourceTree = "<group>"; };
		60F4534F169769E800686965 /* C4Image.h */ = {isa = PBXFileReference; lastKnownFileType = sourcecode.c.h; name = C4Image.h; path = Headers/C4Image.h; sourceTree = "<group>"; };
		60F45350169769E800686965 /* C4Label.h */ = {isa = PBXFileReference; lastKnownFileType = sourcecode.c.h; name = C4Label.h; path = Headers/C4Label.h; sourceTree = "<group>"; };
		60F45351169769E800686965 /* C4Layer.h */ = {isa = PBXFileReference; lastKnownFileType = sourcecode.c.h; name = C4Layer.h; path = Headers/C4Layer.h; sourceTree = "<group>"; };
		60F45352169769E800686965 /* C4LayerAnimation.h */ = {isa = PBXFileReference; lastKnownFileType = sourcecode.c.h; name = C4LayerAnimation.h; path = Headers/C4LayerAnimation.h; sourceTree = "<group>"; };
		60F45353169769E800686965 /* C4Math.h */ = {isa = PBXFileReference; lastKnownFileType = sourcecode.c.h; name = C4Math.h; path = Headers/C4Math.h; sourceTree = "<group>"; };
		60F45354169769E800686965 /* C4MethodDelay.h */ = {isa = PBXFileReference; lastKnownFileType = sourcecode.c.h; name = C4MethodDelay.h; path = Headers/C4MethodDelay.h; sourceTree = "<group>"; };
		60F45355169769E800686965 /* C4Movie.h */ = {isa = PBXFileReference; lastKnownFileType = sourcecode.c.h; name = C4Movie.h; path = Headers/C4Movie.h; sourceTree = "<group>"; };
		60F45356169769E800686965 /* C4Notification.h */ = {isa = PBXFileReference; lastKnownFileType = sourcecode.c.h; name = C4Notification.h; path = Headers/C4Notification.h; sourceTree = "<group>"; };
		60F45357169769E800686965 /* C4Object.h */ = {isa = PBXFileReference; lastKnownFileType = sourcecode.c.h; name = C4Object.h; path = Headers/C4Object.h; sourceTree = "<group>"; };
		60F45358169769E800686965 /* C4PlayerLayer.h */ = {isa = PBXFileReference; lastKnownFileType = sourcecode.c.h; name = C4PlayerLayer.h; path = Headers/C4PlayerLayer.h; sourceTree = "<group>"; };
		60F45359169769E800686965 /* C4Sample.h */ = {isa = PBXFileReference; lastKnownFileType = sourcecode.c.h; name = C4Sample.h; path = Headers/C4Sample.h; sourceTree = "<group>"; };
		60F4535A169769E800686965 /* C4Shape.h */ = {isa = PBXFileReference; lastKnownFileType = sourcecode.c.h; name = C4Shape.h; path = Headers/C4Shape.h; sourceTree = "<group>"; };
		60F4535B169769E800686965 /* C4ShapeLayer.h */ = {isa = PBXFileReference; lastKnownFileType = sourcecode.c.h; name = C4ShapeLayer.h; path = Headers/C4ShapeLayer.h; sourceTree = "<group>"; };
		60F4535C169769E800686965 /* C4Timer.h */ = {isa = PBXFileReference; lastKnownFileType = sourcecode.c.h; name = C4Timer.h; path = Headers/C4Timer.h; sourceTree = "<group>"; };
		60F4535D169769E800686965 /* C4Vector.h */ = {isa = PBXFileReference; lastKnownFileType = sourcecode.c.h; name = C4Vector.h; path = Headers/C4Vector.h; sourceTree = "<group>"; };
		60F4535E169769E800686965 /* C4View.h */ = {isa = PBXFileReference; lastKnownFileType = sourcecode.c.h; name = C4View.h; path = Headers/C4View.h; sourceTree = "<group>"; };
		60F4535F169769E800686965 /* C4ViewController.h */ = {isa = PBXFileReference; lastKnownFileType = sourcecode.c.h; name = C4ViewController.h; path = Headers/C4ViewController.h; sourceTree = "<group>"; };
		60F45360169769E800686965 /* C4Window.h */ = {isa = PBXFileReference; lastKnownFileType = sourcecode.c.h; name = C4Window.h; path = Headers/C4Window.h; sourceTree = "<group>"; };
		60F45361169769E800686965 /* UITouch+C4Touch.h */ = {isa = PBXFileReference; lastKnownFileType = sourcecode.c.h; name = "UITouch+C4Touch.h"; path = "Headers/UITouch+C4Touch.h"; sourceTree = "<group>"; };
		60F45362169769E800686965 /* libC4.a */ = {isa = PBXFileReference; lastKnownFileType = archive.ar; name = libC4.a; path = Library/libC4.a; sourceTree = "<group>"; };
		60F45371169769E900686965 /* en */ = {isa = PBXFileReference; lastKnownFileType = file.xib; name = en; path = en.lproj/C4Canvas.xib; sourceTree = "<group>"; };
/* End PBXFileReference section */

/* Begin PBXFrameworksBuildPhase section */
		60F45312169769E800686965 /* Frameworks */ = {
			isa = PBXFrameworksBuildPhase;
			buildActionMask = 2147483647;
			files = (
				60F4531A169769E800686965 /* Accelerate.framework in Frameworks */,
				60F4531C169769E800686965 /* AVFoundation.framework in Frameworks */,
				60F4531E169769E800686965 /* CoreFoundation.framework in Frameworks */,
				60F45320169769E800686965 /* CoreGraphics.framework in Frameworks */,
				60F45322169769E800686965 /* CoreImage.framework in Frameworks */,
				60F45324169769E800686965 /* CoreMedia.framework in Frameworks */,
				60F45326169769E800686965 /* CoreText.framework in Frameworks */,
				60F45328169769E800686965 /* Foundation.framework in Frameworks */,
				60F4532A169769E800686965 /* OpenGLES.framework in Frameworks */,
				60F4532C169769E800686965 /* QuartzCore.framework in Frameworks */,
				60F4532E169769E800686965 /* UIKit.framework in Frameworks */,
				60F45363169769E800686965 /* libC4.a in Frameworks */,
			);
			runOnlyForDeploymentPostprocessing = 0;
		};
/* End PBXFrameworksBuildPhase section */

/* Begin PBXGroup section */
		6050715816D15C49000AF387 /* en.lproj */ = {
			isa = PBXGroup;
			children = (
			);
			name = en.lproj;
			path = Headers/en.lproj;
			sourceTree = "<group>";
		};
		60A0AEA616DCD14A00DA17EF /* Media */ = {
			isa = PBXGroup;
			children = (
				60A0AEA916DD024500DA17EF /* grid.png */,
			);
			path = Media;
			sourceTree = "<group>";
		};
		60F4530A169769E800686965 = {
			isa = PBXGroup;
			children = (
				60F4532F169769E800686965 /* fibonacci_ipad */,
				60F45318169769E800686965 /* Frameworks */,
				60F45316169769E800686965 /* Products */,
			);
			sourceTree = "<group>";
		};
		60F45316169769E800686965 /* Products */ = {
			isa = PBXGroup;
			children = (
				60F45315169769E800686965 /* fibonacci_ipad.app */,
			);
			name = Products;
			sourceTree = "<group>";
		};
		60F45318169769E800686965 /* Frameworks */ = {
			isa = PBXGroup;
			children = (
				60F45319169769E800686965 /* Accelerate.framework */,
				60F4531B169769E800686965 /* AVFoundation.framework */,
				60F4531D169769E800686965 /* CoreFoundation.framework */,
				60F4531F169769E800686965 /* CoreGraphics.framework */,
				60F45321169769E800686965 /* CoreImage.framework */,
				60F45323169769E800686965 /* CoreMedia.framework */,
				60F45325169769E800686965 /* CoreText.framework */,
				60F45327169769E800686965 /* Foundation.framework */,
				60F45329169769E800686965 /* OpenGLES.framework */,
				60F4532B169769E800686965 /* QuartzCore.framework */,
				60F4532D169769E800686965 /* UIKit.framework */,
			);
			name = Frameworks;
			sourceTree = "<group>";
		};
		60F4532F169769E800686965 /* fibonacci_ipad */ = {
			isa = PBXGroup;
			children = (
				60F4533C169769E800686965 /* C4WorkSpace.m */,
				601AA56A16D22CA7002A6AC4 /* Constants.h */,
				601AA56B16D22CA7002A6AC4 /* Constants.m */,
				6076B3A516CCF2A400D13431 /* Intro.h */,
				6076B3A616CCF2A400D13431 /* Intro.m */,
				60F0C6BF16AEA1D40096B6DE /* Seed.h */,
				60F0C6C016AEA1D40096B6DE /* Seed.m */,
				60464FB816D8D56C00A6DB31 /* BackgroundCircle.h */,
				60464FB916D8D56D00A6DB31 /* BackgroundCircle.m */,
				605F643416D7A5E800033239 /* Circle8.h */,
				605F643516D7A5E800033239 /* Circle8.m */,
				605F643716D7A5F900033239 /* Circle13.h */,
				605F643816D7A5F900033239 /* Circle13.m */,
				6050710816D15C31000AF387 /* Squares.h */,
				6050710916D15C31000AF387 /* Squares.m */,
				60A0AEA616DCD14A00DA17EF /* Media */,
				60F4533E169769E800686965 /* Framework */,
				60F45330169769E800686965 /* Supporting Files */,
			);
			path = fibonacci_ipad;
			sourceTree = "<group>";
		};
		60F45330169769E800686965 /* Supporting Files */ = {
			isa = PBXGroup;
			children = (
				60F45331169769E800686965 /* fibonacci_ipad-Info.plist */,
				60F45332169769E800686965 /* InfoPlist.strings */,
				60F45335169769E800686965 /* main.m */,
				60F45337169769E800686965 /* fibonacci_ipad-Prefix.pch */,
				60F45338169769E800686965 /* C4WorkSpace.h */,
				60F45339169769E800686965 /* C4AppDelegate.h */,
				60F4533A169769E800686965 /* C4AppDelegate.m */,
				60F45370169769E900686965 /* C4Canvas.xib */,
			);
			name = "Supporting Files";
			sourceTree = "<group>";
		};
		60F4533E169769E800686965 /* Framework */ = {
			isa = PBXGroup;
			children = (
				6050710A16D15C49000AF387 /* C4AddSubview.h */,
				6050710B16D15C49000AF387 /* C4AssertionHandler.h */,
				6050710C16D15C49000AF387 /* C4AssertionHandler.m */,
				6050710D16D15C49000AF387 /* C4Button.h */,
				6050710E16D15C49000AF387 /* C4Button.m */,
				6050710F16D15C49000AF387 /* C4Camera.h */,
				6050711016D15C49000AF387 /* C4Camera.m */,
				6050711116D15C49000AF387 /* C4CameraController.h */,
				6050711216D15C49000AF387 /* C4CameraController.m */,
				6050711316D15C49000AF387 /* C4CameraLayer.h */,
				6050711416D15C49000AF387 /* C4CameraLayer.m */,
				6050711516D15C49000AF387 /* C4CanvasController.h */,
				6050711616D15C49000AF387 /* C4CanvasController.m */,
				6050711716D15C49000AF387 /* C4CaptureVideoPreviewLayer.h */,
				6050711816D15C49000AF387 /* C4Control.h */,
				6050711916D15C49000AF387 /* C4Control.m */,
				6050711A16D15C49000AF387 /* C4Defines.h */,
				6050711B16D15C49000AF387 /* C4Defines.m */,
				6050711C16D15C49000AF387 /* C4EAGLES1Renderer.h */,
				6050711D16D15C49000AF387 /* C4EAGLES1Renderer.m */,
				6050711E16D15C49000AF387 /* C4EAGLESRenderer.h */,
				6050711F16D15C49000AF387 /* C4EAGLLayer.h */,
				6050712016D15C49000AF387 /* C4EAGLLayer.m */,
				6050712116D15C49000AF387 /* C4Font.h */,
				6050712216D15C49000AF387 /* C4Font.m */,
				6050712316D15C49000AF387 /* C4Foundation.h */,
				6050712416D15C49000AF387 /* C4Foundation.m */,
				6050712516D15C49000AF387 /* C4Gesture.h */,
				6050712616D15C49000AF387 /* C4GL.h */,
				6050712716D15C49000AF387 /* C4GL.m */,
				6050712816D15C49000AF387 /* C4GL1Renderer.h */,
				6050712916D15C49000AF387 /* C4GL1Renderer.m */,
				6050712A16D15C49000AF387 /* C4Image.h */,
				6050712B16D15C49000AF387 /* C4Image.m */,
				6050712C16D15C49000AF387 /* C4Imports.h */,
				6050712D16D15C49000AF387 /* C4Label.h */,
				6050712E16D15C49000AF387 /* C4Label.m */,
				6050712F16D15C49000AF387 /* C4Layer.h */,
				6050713016D15C49000AF387 /* C4Layer.m */,
				6050713116D15C49000AF387 /* C4LayerAnimation.h */,
				6050713216D15C49000AF387 /* C4Math.h */,
				6050713316D15C49000AF387 /* C4Math.m */,
				6050713416D15C49000AF387 /* C4MethodDelay.h */,
				6050713516D15C49000AF387 /* C4Movie.h */,
				6050713616D15C49000AF387 /* C4Movie.m */,
				6050713716D15C49000AF387 /* C4MovieLayer.h */,
				6050713816D15C49000AF387 /* C4MovieLayer.m */,
				6050713916D15C49000AF387 /* C4Notification.h */,
				6050713A16D15C49000AF387 /* C4Object.h */,
				6050713B16D15C49000AF387 /* C4Object.m */,
				6050713C16D15C49000AF387 /* C4PlayerLayer.h */,
				6050713D16D15C49000AF387 /* C4Sample.h */,
				6050713E16D15C49000AF387 /* C4Sample.m */,
				6050713F16D15C49000AF387 /* C4Shape.h */,
				6050714016D15C49000AF387 /* C4Shape.m */,
				6050714116D15C49000AF387 /* C4ShapeLayer.h */,
				6050714216D15C49000AF387 /* C4ShapeLayer.m */,
				6050714316D15C49000AF387 /* C4Slider.h */,
				6050714416D15C49000AF387 /* C4Slider.m */,
				6050714516D15C49000AF387 /* C4Timer.h */,
				6050714616D15C49000AF387 /* C4Timer.m */,
				6050714716D15C49000AF387 /* C4TransformableControl.h */,
				6050714816D15C49000AF387 /* C4TransformableControl.m */,
				6050714916D15C49000AF387 /* C4TransformLayer.h */,
				6050714A16D15C49000AF387 /* C4TransformLayer.m */,
				6050714B16D15C49000AF387 /* C4Vector.h */,
				6050714C16D15C49000AF387 /* C4Vector.m */,
				6050714D16D15C49000AF387 /* C4View.h */,
				6050714E16D15C49000AF387 /* C4View.m */,
				6050714F16D15C49000AF387 /* C4ViewController.h */,
				6050715016D15C49000AF387 /* C4ViewController.m */,
				6050715116D15C49000AF387 /* C4VisualObject.h */,
				6050715216D15C49000AF387 /* C4Window.h */,
				6050715316D15C49000AF387 /* C4Window.m */,
				6050715616D15C49000AF387 /* C4YouTubeURLParser.h */,
				6050715716D15C49000AF387 /* C4YouTubeURLParser.m */,
				6050715816D15C49000AF387 /* en.lproj */,
				6050715916D15C49000AF387 /* HiddenNav.h */,
				6050715A16D15C49000AF387 /* HiddenNav.m */,
				6050715B16D15C49000AF387 /* HiddenNav.xib */,
				6050715C16D15C49000AF387 /* HiddenNavView.h */,
				6050715D16D15C49000AF387 /* HiddenNavView.m */,
				6050715E16D15C49000AF387 /* OuterShape.h */,
				6050715F16D15C49000AF387 /* OuterShape.m */,
				6050716016D15C49000AF387 /* UITouch+C4Touch.h */,
				60F4533F169769E800686965 /* C4AddSubview.h */,
				60F45340169769E800686965 /* C4AssertionHandler.h */,
				60F45341169769E800686965 /* C4Camera.h */,
				60F45342169769E800686965 /* C4CameraController.h */,
				60F45343169769E800686965 /* C4CanvasController.h */,
				60F45344169769E800686965 /* C4CaptureVideoPreviewLayer.h */,
				60F45345169769E800686965 /* C4Control.h */,
				60F45346169769E800686965 /* C4Defines.h */,
				60F45347169769E800686965 /* C4EAGLES1Renderer.h */,
				60F45348169769E800686965 /* C4EAGLESRenderer.h */,
				60F45349169769E800686965 /* C4EAGLLayer.h */,
				60F4534A169769E800686965 /* C4Font.h */,
				60F4534B169769E800686965 /* C4Foundation.h */,
				60F4534C169769E800686965 /* C4Gesture.h */,
				60F4534D169769E800686965 /* C4GL.h */,
				60F4534E169769E800686965 /* C4GL1Renderer.h */,
				60F4534F169769E800686965 /* C4Image.h */,
				60F45350169769E800686965 /* C4Label.h */,
				60F45351169769E800686965 /* C4Layer.h */,
				60F45352169769E800686965 /* C4LayerAnimation.h */,
				60F45353169769E800686965 /* C4Math.h */,
				60F45354169769E800686965 /* C4MethodDelay.h */,
				60F45355169769E800686965 /* C4Movie.h */,
				60F45356169769E800686965 /* C4Notification.h */,
				60F45357169769E800686965 /* C4Object.h */,
				60F45358169769E800686965 /* C4PlayerLayer.h */,
				60F45359169769E800686965 /* C4Sample.h */,
				60F4535A169769E800686965 /* C4Shape.h */,
				60F4535B169769E800686965 /* C4ShapeLayer.h */,
				60F4535C169769E800686965 /* C4Timer.h */,
				60F4535D169769E800686965 /* C4Vector.h */,
				60F4535E169769E800686965 /* C4View.h */,
				60F4535F169769E800686965 /* C4ViewController.h */,
				60F45360169769E800686965 /* C4Window.h */,
				60F45361169769E800686965 /* UITouch+C4Touch.h */,
				60F45362169769E800686965 /* libC4.a */,
			);
			name = Framework;
			sourceTree = "<group>";
		};
/* End PBXGroup section */

/* Begin PBXNativeTarget section */
		60F45314169769E800686965 /* fibonacci_ipad */ = {
			isa = PBXNativeTarget;
			buildConfigurationList = 60F45395169769EA00686965 /* Build configuration list for PBXNativeTarget "fibonacci_ipad" */;
			buildPhases = (
				60F45311169769E800686965 /* Sources */,
				60F45312169769E800686965 /* Frameworks */,
				60F45313169769E800686965 /* Resources */,
			);
			buildRules = (
			);
			dependencies = (
			);
			name = fibonacci_ipad;
			productName = fibonacci_ipad;
			productReference = 60F45315169769E800686965 /* fibonacci_ipad.app */;
			productType = "com.apple.product-type.application";
		};
/* End PBXNativeTarget section */

/* Begin PBXProject section */
		60F4530C169769E800686965 /* Project object */ = {
			isa = PBXProject;
			attributes = {
				LastUpgradeCheck = 0450;
				ORGANIZATIONNAME = "Dianna Mertz";
			};
			buildConfigurationList = 60F4530F169769E800686965 /* Build configuration list for PBXProject "fibonacci_ipad" */;
			compatibilityVersion = "Xcode 3.2";
			developmentRegion = English;
			hasScannedForEncodings = 0;
			knownRegions = (
				en,
			);
			mainGroup = 60F4530A169769E800686965;
			productRefGroup = 60F45316169769E800686965 /* Products */;
			projectDirPath = "";
			projectRoot = "";
			targets = (
				60F45314169769E800686965 /* fibonacci_ipad */,
			);
		};
/* End PBXProject section */

/* Begin PBXResourcesBuildPhase section */
		60F45313169769E800686965 /* Resources */ = {
			isa = PBXResourcesBuildPhase;
			buildActionMask = 2147483647;
			files = (
				60F45334169769E800686965 /* InfoPlist.strings in Resources */,
				60F45372169769E900686965 /* C4Canvas.xib in Resources */,
				60A0AEAA16DD024500DA17EF /* grid.png in Resources */,
			);
			runOnlyForDeploymentPostprocessing = 0;
		};
/* End PBXResourcesBuildPhase section */

/* Begin PBXSourcesBuildPhase section */
		60F45311169769E800686965 /* Sources */ = {
			isa = PBXSourcesBuildPhase;
			buildActionMask = 2147483647;
			files = (
				6050718616D15E50000AF387 /* HiddenNavView.m in Sources */,
				6050718516D15E49000AF387 /* HiddenNav.m in Sources */,
				6050718416D15E44000AF387 /* C4YouTubeURLParser.m in Sources */,
				6050718216D15E34000AF387 /* C4Window.m in Sources */,
				6050718116D15E2D000AF387 /* C4ViewController.m in Sources */,
				6050718016D15E27000AF387 /* C4View.m in Sources */,
				6050717F16D15E20000AF387 /* C4Vector.m in Sources */,
				6050717E16D15E1B000AF387 /* C4TransformLayer.m in Sources */,
				6050717D16D15E15000AF387 /* C4TransformableControl.m in Sources */,
				6050717C16D15E0D000AF387 /* C4Timer.m in Sources */,
				6050717B16D15E08000AF387 /* C4Slider.m in Sources */,
				6050717A16D15E03000AF387 /* C4ShapeLayer.m in Sources */,
				6050717916D15DFE000AF387 /* C4Shape.m in Sources */,
				6050717816D15DF5000AF387 /* OuterShape.m in Sources */,
				6050717716D15DE4000AF387 /* C4Sample.m in Sources */,
				6050717616D15DDF000AF387 /* C4Object.m in Sources */,
				6050717516D15DD9000AF387 /* C4MovieLayer.m in Sources */,
				6050717416D15DD2000AF387 /* C4Movie.m in Sources */,
				6050717316D15DCB000AF387 /* C4Math.m in Sources */,
				6050717216D15DC6000AF387 /* C4Layer.m in Sources */,
				6050717116D15DC1000AF387 /* C4Label.m in Sources */,
				6050717016D15DB9000AF387 /* C4Image.m in Sources */,
				6050716F16D15DB4000AF387 /* C4GL1Renderer.m in Sources */,
				6050716E16D15DAF000AF387 /* C4GL.m in Sources */,
				6050716D16D15DA8000AF387 /* C4Foundation.m in Sources */,
				6050716C16D15D9F000AF387 /* C4Font.m in Sources */,
				6050716B16D15D99000AF387 /* C4EAGLLayer.m in Sources */,
				6050716A16D15D93000AF387 /* C4EAGLES1Renderer.m in Sources */,
				6050716916D15D8E000AF387 /* C4Defines.m in Sources */,
				6050716816D15D86000AF387 /* C4Control.m in Sources */,
				6050716716D15D7F000AF387 /* C4CanvasController.m in Sources */,
				6050716616D15D6E000AF387 /* C4CameraLayer.m in Sources */,
				6050716516D15D5E000AF387 /* C4CameraController.m in Sources */,
				6050716416D15D55000AF387 /* C4Camera.m in Sources */,
				6050716316D15D4E000AF387 /* C4Button.m in Sources */,
				6050716216D15D47000AF387 /* C4AssertionHandler.m in Sources */,
				6050716116D15D09000AF387 /* Squares.m in Sources */,
				60F45336169769E800686965 /* main.m in Sources */,
				60F4533B169769E800686965 /* C4AppDelegate.m in Sources */,
				60F4533D169769E800686965 /* C4WorkSpace.m in Sources */,
				60F0C6C116AEA1D40096B6DE /* Seed.m in Sources */,
				6076B3A716CCF2A400D13431 /* Intro.m in Sources */,
				601AA56C16D22CA7002A6AC4 /* Constants.m in Sources */,
				605F643616D7A5E900033239 /* Circle8.m in Sources */,
				605F643916D7A5F900033239 /* Circle13.m in Sources */,
				60464FBA16D8D56D00A6DB31 /* BackgroundCircle.m in Sources */,
			);
			runOnlyForDeploymentPostprocessing = 0;
		};
/* End PBXSourcesBuildPhase section */

/* Begin PBXVariantGroup section */
		60F45332169769E800686965 /* InfoPlist.strings */ = {
			isa = PBXVariantGroup;
			children = (
				60F45333169769E800686965 /* en */,
			);
			name = InfoPlist.strings;
			sourceTree = "<group>";
		};
		60F45370169769E900686965 /* C4Canvas.xib */ = {
			isa = PBXVariantGroup;
			children = (
				60F45371169769E900686965 /* en */,
			);
			name = C4Canvas.xib;
			sourceTree = "<group>";
		};
/* End PBXVariantGroup section */

/* Begin XCBuildConfiguration section */
		60F45393169769EA00686965 /* Debug */ = {
			isa = XCBuildConfiguration;
			buildSettings = {
				ALWAYS_SEARCH_USER_PATHS = NO;
				CLANG_CXX_LANGUAGE_STANDARD = "gnu++0x";
				CLANG_CXX_LIBRARY = "libc++";
				CLANG_ENABLE_OBJC_ARC = YES;
				CLANG_WARN_EMPTY_BODY = YES;
				CLANG_WARN__DUPLICATE_METHOD_MATCH = YES;
				"CODE_SIGN_IDENTITY[sdk=iphoneos*]" = "iPhone Developer";
				COPY_PHASE_STRIP = NO;
				GCC_C_LANGUAGE_STANDARD = gnu99;
				GCC_DYNAMIC_NO_PIC = NO;
				GCC_OPTIMIZATION_LEVEL = 0;
				GCC_PREPROCESSOR_DEFINITIONS = (
					"DEBUG=1",
					"$(inherited)",
				);
				GCC_SYMBOLS_PRIVATE_EXTERN = NO;
				GCC_WARN_ABOUT_RETURN_TYPE = YES;
				GCC_WARN_UNINITIALIZED_AUTOS = YES;
				GCC_WARN_UNUSED_VARIABLE = YES;
				IPHONEOS_DEPLOYMENT_TARGET = 6.0;
				ONLY_ACTIVE_ARCH = YES;
				SDKROOT = iphoneos;
				TARGETED_DEVICE_FAMILY = 2;
			};
			name = Debug;
		};
		60F45394169769EA00686965 /* Release */ = {
			isa = XCBuildConfiguration;
			buildSettings = {
				ALWAYS_SEARCH_USER_PATHS = NO;
				CLANG_CXX_LANGUAGE_STANDARD = "gnu++0x";
				CLANG_CXX_LIBRARY = "libc++";
				CLANG_ENABLE_OBJC_ARC = YES;
				CLANG_WARN_EMPTY_BODY = YES;
				CLANG_WARN__DUPLICATE_METHOD_MATCH = YES;
				"CODE_SIGN_IDENTITY[sdk=iphoneos*]" = "iPhone Developer";
				COPY_PHASE_STRIP = YES;
				GCC_C_LANGUAGE_STANDARD = gnu99;
				GCC_WARN_ABOUT_RETURN_TYPE = YES;
				GCC_WARN_UNINITIALIZED_AUTOS = YES;
				GCC_WARN_UNUSED_VARIABLE = YES;
				IPHONEOS_DEPLOYMENT_TARGET = 6.0;
				OTHER_CFLAGS = "-DNS_BLOCK_ASSERTIONS=1";
				SDKROOT = iphoneos;
				TARGETED_DEVICE_FAMILY = 2;
				VALIDATE_PRODUCT = YES;
			};
			name = Release;
		};
		60F45396169769EA00686965 /* Debug */ = {
			isa = XCBuildConfiguration;
			buildSettings = {
				GCC_PRECOMPILE_PREFIX_HEADER = YES;
				GCC_PREFIX_HEADER = "fibonacci_ipad/fibonacci_ipad-Prefix.pch";
				INFOPLIST_FILE = "fibonacci_ipad/fibonacci_ipad-Info.plist";
				LIBRARY_SEARCH_PATHS = (
					"$(inherited)",
					"\"$(SRCROOT)/fibonacci_ipad/Library\"",
				);
				PRODUCT_NAME = "$(TARGET_NAME)";
				WRAPPER_EXTENSION = app;
			};
			name = Debug;
		};
		60F45397169769EA00686965 /* Release */ = {
			isa = XCBuildConfiguration;
			buildSettings = {
				GCC_PRECOMPILE_PREFIX_HEADER = YES;
				GCC_PREFIX_HEADER = "fibonacci_ipad/fibonacci_ipad-Prefix.pch";
				INFOPLIST_FILE = "fibonacci_ipad/fibonacci_ipad-Info.plist";
				LIBRARY_SEARCH_PATHS = (
					"$(inherited)",
					"\"$(SRCROOT)/fibonacci_ipad/Library\"",
				);
				PRODUCT_NAME = "$(TARGET_NAME)";
				WRAPPER_EXTENSION = app;
			};
			name = Release;
		};
/* End XCBuildConfiguration section */

/* Begin XCConfigurationList section */
		60F4530F169769E800686965 /* Build configuration list for PBXProject "fibonacci_ipad" */ = {
			isa = XCConfigurationList;
			buildConfigurations = (
				60F45393169769EA00686965 /* Debug */,
				60F45394169769EA00686965 /* Release */,
			);
			defaultConfigurationIsVisible = 0;
			defaultConfigurationName = Release;
		};
		60F45395169769EA00686965 /* Build configuration list for PBXNativeTarget "fibonacci_ipad" */ = {
			isa = XCConfigurationList;
			buildConfigurations = (
				60F45396169769EA00686965 /* Debug */,
				60F45397169769EA00686965 /* Release */,
			);
			defaultConfigurationIsVisible = 0;
			defaultConfigurationName = Release;
		};
/* End XCConfigurationList section */
	};
	rootObject = 60F4530C169769E800686965 /* Project object */;
}
